{
    "_meta": {
        "hash": {
            "sha256": "a49f62f279c30b87dae096e7e5d4cc62d2b954cd1b5ec017f898fe763023f97d"
        },
        "pipfile-spec": 6,
        "requires": {
            "python_version": "3.10"
        },
        "sources": [
            {
                "name": "pypi",
                "url": "https://pypi.org/simple",
                "verify_ssl": true
            }
        ]
    },
    "default": {
        "flash": {
            "hashes": [
                "sha256:69f448811abc97d4f0857fc577e14398b322ceddad074430350a5012a61302b2"
            ],
            "index": "pypi",
            "version": "==1.0.3"
        }
    },
    "develop": {}
}
